// !$*UTF8*$!
{
	archiveVersion = 1;
	classes = {
	};
	objectVersion = 56;
	objects = {

/* Begin PBXBuildFile section */
		6549C466291B8364008265AC /* WebView.swift in Sources */ = {isa = PBXBuildFile; fileRef = 6549C465291B8364008265AC /* WebView.swift */; };
		659972AE291B69F50012E724 /* DetailView.swift in Sources */ = {isa = PBXBuildFile; fileRef = 659972AD291B69F50012E724 /* DetailView.swift */; };
		65BDF225291A5C2500232892 /* harcker_NewApp.swift in Sources */ = {isa = PBXBuildFile; fileRef = 65BDF224291A5C2500232892 /* harcker_NewApp.swift */; };
		65BDF227291A5C2500232892 /* ContentView.swift in Sources */ = {isa = PBXBuildFile; fileRef = 65BDF226291A5C2500232892 /* ContentView.swift */; };
		65BDF229291A5C2700232892 /* Assets.xcassets in Resources */ = {isa = PBXBuildFile; fileRef = 65BDF228291A5C2700232892 /* Assets.xcassets */; };
		65BDF22C291A5C2700232892 /* Preview Assets.xcassets in Resources */ = {isa = PBXBuildFile; fileRef = 65BDF22B291A5C2700232892 /* Preview Assets.xcassets */; };
		65BDF235291A851500232892 /* NetworkManager.swift in Sources */ = {isa = PBXBuildFile; fileRef = 65BDF234291A851500232892 /* NetworkManager.swift */; };
		65BDF237291A86D000232892 /* PostData.swift in Sources */ = {isa = PBXBuildFile; fileRef = 65BDF236291A86D000232892 /* PostData.swift */; };
/* End PBXBuildFile section */

/* Begin PBXFileReference section */
		6549C465291B8364008265AC /* WebView.swift */ = {isa = PBXFileReference; lastKnownFileType = sourcecode.swift; path = WebView.swift; sourceTree = "<group>"; };
		6549C467291B894A008265AC /* harcker-New-Info.plist */ = {isa = PBXFileReference; lastKnownFileType = text.plist; path = "harcker-New-Info.plist"; sourceTree = SOURCE_ROOT; };
		659972AD291B69F50012E724 /* DetailView.swift */ = {isa = PBXFileReference; lastKnownFileType = sourcecode.swift; path = DetailView.swift; sourceTree = "<group>"; };
		65BDF221291A5C2500232892 /* harcker New.app */ = {isa = PBXFileReference; explicitFileType = wrapper.application; includeInIndex = 0; path = "harcker New.app"; sourceTree = BUILT_PRODUCTS_DIR; };
		65BDF224291A5C2500232892 /* harcker_NewApp.swift */ = {isa = PBXFileReference; lastKnownFileType = sourcecode.swift; path = harcker_NewApp.swift; sourceTree = "<group>"; };
		65BDF226291A5C2500232892 /* ContentView.swift */ = {isa = PBXFileReference; lastKnownFileType = sourcecode.swift; path = ContentView.swift; sourceTree = "<group>"; };
		65BDF228291A5C2700232892 /* Assets.xcassets */ = {isa = PBXFileReference; lastKnownFileType = folder.assetcatalog; path = Assets.xcassets; sourceTree = "<group>"; };
		65BDF22B291A5C2700232892 /* Preview Assets.xcassets */ = {isa = PBXFileReference; lastKnownFileType = folder.assetcatalog; path = "Preview Assets.xcassets"; sourceTree = "<group>"; };
		65BDF234291A851500232892 /* NetworkManager.swift */ = {isa = PBXFileReference; lastKnownFileType = sourcecode.swift; path = NetworkManager.swift; sourceTree = "<group>"; };
		65BDF236291A86D000232892 /* PostData.swift */ = {isa = PBXFileReference; lastKnownFileType = sourcecode.swift; path = PostData.swift; sourceTree = "<group>"; };
/* End PBXFileReference section */

/* Begin PBXFrameworksBuildPhase section */
		65BDF21E291A5C2500232892 /* Frameworks */ = {
			isa = PBXFrameworksBuildPhase;
			buildActionMask = 2147483647;
			files = (
			);
			runOnlyForDeploymentPostprocessing = 0;
		};
/* End PBXFrameworksBuildPhase section */

/* Begin PBXGroup section */
		659972AC291B69E60012E724 /* Views */ = {
			isa = PBXGroup;
			children = (
				65BDF226291A5C2500232892 /* ContentView.swift */,
				659972AD291B69F50012E724 /* DetailView.swift */,
				6549C465291B8364008265AC /* WebView.swift */,
			);
			path = Views;
			sourceTree = "<group>";
		};
		65BDF218291A5C2500232892 = {
			isa = PBXGroup;
			children = (
				65BDF223291A5C2500232892 /* harcker New */,
				65BDF222291A5C2500232892 /* Products */,
			);
			sourceTree = "<group>";
		};
		65BDF222291A5C2500232892 /* Products */ = {
			isa = PBXGroup;
			children = (
				65BDF221291A5C2500232892 /* harcker New.app */,
			);
			name = Products;
			sourceTree = "<group>";
		};
		65BDF223291A5C2500232892 /* harcker New */ = {
			isa = PBXGroup;
			children = (
				6549C467291B894A008265AC /* harcker-New-Info.plist */,
				65BDF224291A5C2500232892 /* harcker_NewApp.swift */,
				659972AC291B69E60012E724 /* Views */,
				65BDF232291A84FB00232892 /* Models */,
				65BDF228291A5C2700232892 /* Assets.xcassets */,
				65BDF22A291A5C2700232892 /* Preview Content */,
			);
			path = "harcker New";
			sourceTree = "<group>";
		};
		65BDF22A291A5C2700232892 /* Preview Content */ = {
			isa = PBXGroup;
			children = (
				65BDF22B291A5C2700232892 /* Preview Assets.xcassets */,
			);
			path = "Preview Content";
			sourceTree = "<group>";
		};
		65BDF232291A84FB00232892 /* Models */ = {
			isa = PBXGroup;
			children = (
				65BDF234291A851500232892 /* NetworkManager.swift */,
				65BDF236291A86D000232892 /* PostData.swift */,
			);
			path = Models;
			sourceTree = "<group>";
		};
/* End PBXGroup section */

/* Begin PBXNativeTarget section */
		65BDF220291A5C2500232892 /* harcker New */ = {
			isa = PBXNativeTarget;
			buildConfigurationList = 65BDF22F291A5C2700232892 /* Build configuration list for PBXNativeTarget "harcker New" */;
			buildPhases = (
				65BDF21D291A5C2500232892 /* Sources */,
				65BDF21E291A5C2500232892 /* Frameworks */,
				65BDF21F291A5C2500232892 /* Resources */,
			);
			buildRules = (
			);
			dependencies = (
			);
			name = "harcker New";
			productName = "harcker New";
			productReference = 65BDF221291A5C2500232892 /* harcker New.app */;
			productType = "com.apple.product-type.application";
		};
/* End PBXNativeTarget section */

/* Begin PBXProject section */
		65BDF219291A5C2500232892 /* Project object */ = {
			isa = PBXProject;
			attributes = {
				BuildIndependentTargetsInParallel = 1;
				LastSwiftUpdateCheck = 1410;
				LastUpgradeCheck = 1410;
				TargetAttributes = {
					65BDF220291A5C2500232892 = {
						CreatedOnToolsVersion = 14.1;
					};
				};
			};
			buildConfigurationList = 65BDF21C291A5C2500232892 /* Build configuration list for PBXProject "harcker New" */;
			compatibilityVersion = "Xcode 14.0";
			developmentRegion = en;
			hasScannedForEncodings = 0;
			knownRegions = (
				en,
				Base,
			);
			mainGroup = 65BDF218291A5C2500232892;
			productRefGroup = 65BDF222291A5C2500232892 /* Products */;
			projectDirPath = "";
			projectRoot = "";
			targets = (
				65BDF220291A5C2500232892 /* harcker New */,
			);
		};
/* End PBXProject section */

/* Begin PBXResourcesBuildPhase section */
		65BDF21F291A5C2500232892 /* Resources */ = {
			isa = PBXResourcesBuildPhase;
			buildActionMask = 2147483647;
			files = (
				65BDF22C291A5C2700232892 /* Preview Assets.xcassets in Resources */,
				65BDF229291A5C2700232892 /* Assets.xcassets in Resources */,
			);
			runOnlyForDeploymentPostprocessing = 0;
		};
/* End PBXResourcesBuildPhase section */

/* Begin PBXSourcesBuildPhase section */
		65BDF21D291A5C2500232892 /* Sources */ = {
			isa = PBXSourcesBuildPhase;
			buildActionMask = 2147483647;
			files = (
				65BDF235291A851500232892 /* NetworkManager.swift in Sources */,
				65BDF227291A5C2500232892 /* ContentView.swift in Sources */,
				65BDF237291A86D000232892 /* PostData.swift in Sources */,
				6549C466291B8364008265AC /* WebView.swift in Sources */,
				659972AE291B69F50012E724 /* DetailView.swift in Sources */,
				65BDF225291A5C2500232892 /* harcker_NewApp.swift in Sources */,
			);
			runOnlyForDeploymentPostprocessing = 0;
		};
/* End PBXSourcesBuildPhase section */

/* Begin XCBuildConfiguration section */
		65BDF22D291A5C2700232892 /* Debug */ = {
			isa = XCBuildConfiguration;
			buildSettings = {
				ALWAYS_SEARCH_USER_PATHS = NO;
				CLANG_ANALYZER_NONNULL = YES;
				CLANG_ANALYZER_NUMBER_OBJECT_CONVERSION = YES_AGGRESSIVE;
				CLANG_CXX_LANGUAGE_STANDARD = "gnu++20";
				CLANG_ENABLE_MODULES = YES;
				CLANG_ENABLE_OBJC_ARC = YES;
				CLANG_ENABLE_OBJC_WEAK = YES;
				CLANG_WARN_BLOCK_CAPTURE_AUTORELEASING = YES;
				CLANG_WARN_BOOL_CONVERSION = YES;
				CLANG_WARN_COMMA = YES;
				CLANG_WARN_CONSTANT_CONVERSION = YES;
				CLANG_WARN_DEPRECATED_OBJC_IMPLEMENTATIONS = YES;
				CLANG_WARN_DIRECT_OBJC_ISA_USAGE = YES_ERROR;
				CLANG_WARN_DOCUMENTATION_COMMENTS = YES;
				CLANG_WARN_EMPTY_BODY = YES;
				CLANG_WARN_ENUM_CONVERSION = YES;
				CLANG_WARN_INFINITE_RECURSION = YES;
				CLANG_WARN_INT_CONVERSION = YES;
				CLANG_WARN_NON_LITERAL_NULL_CONVERSION = YES;
				CLANG_WARN_OBJC_IMPLICIT_RETAIN_SELF = YES;
				CLANG_WARN_OBJC_LITERAL_CONVERSION = YES;
				CLANG_WARN_OBJC_ROOT_CLASS = YES_ERROR;
				CLANG_WARN_QUOTED_INCLUDE_IN_FRAMEWORK_HEADER = YES;
				CLANG_WARN_RANGE_LOOP_ANALYSIS = YES;
				CLANG_WARN_STRICT_PROTOTYPES = YES;
				CLANG_WARN_SUSPICIOUS_MOVE = YES;
				CLANG_WARN_UNGUARDED_AVAILABILITY = YES_AGGRESSIVE;
				CLANG_WARN_UNREACHABLE_CODE = YES;
				CLANG_WARN__DUPLICATE_METHOD_MATCH = YES;
				COPY_PHASE_STRIP = NO;
				DEBUG_INFORMATION_FORMAT = dwarf;
				ENABLE_STRICT_OBJC_MSGSEND = YES;
				ENABLE_TESTABILITY = YES;
				GCC_C_LANGUAGE_STANDARD = gnu11;
				GCC_DYNAMIC_NO_PIC = NO;
				GCC_NO_COMMON_BLOCKS = YES;
				GCC_OPTIMIZATION_LEVEL = 0;
				GCC_PREPROCESSOR_DEFINITIONS = (
					"DEBUG=1",
					"$(inherited)",
				);
				GCC_WARN_64_TO_32_BIT_CONVERSION = YES;
				GCC_WARN_ABOUT_RETURN_TYPE = YES_ERROR;
				GCC_WARN_UNDECLARED_SELECTOR = YES;
				GCC_WARN_UNINITIALIZED_AUTOS = YES_AGGRESSIVE;
				GCC_WARN_UNUSED_FUNCTION = YES;
				GCC_WARN_UNUSED_VARIABLE = YES;
				IPHONEOS_DEPLOYMENT_TARGET = 16.1;
				MTL_ENABLE_DEBUG_INFO = INCLUDE_SOURCE;
				MTL_FAST_MATH = YES;
				ONLY_ACTIVE_ARCH = YES;
				SDKROOT = iphoneos;
				SWIFT_ACTIVE_COMPILATION_CONDITIONS = DEBUG;
				SWIFT_OPTIMIZATION_LEVEL = "-Onone";
			};
			name = Debug;
		};
		65BDF22E291A5C2700232892 /* Release */ = {
			isa = XCBuildConfiguration;
			buildSettings = {
				ALWAYS_SEARCH_USER_PATHS = NO;
				CLANG_ANALYZER_NONNULL = YES;
				CLANG_ANALYZER_NUMBER_OBJECT_CONVERSION = YES_AGGRESSIVE;
				CLANG_CXX_LANGUAGE_STANDARD = "gnu++20";
				CLANG_ENABLE_MODULES = YES;
				CLANG_ENABLE_OBJC_ARC = YES;
				CLANG_ENABLE_OBJC_WEAK = YES;
				CLANG_WARN_BLOCK_CAPTURE_AUTORELEASING = YES;
				CLANG_WARN_BOOL_CONVERSION = YES;
				CLANG_WARN_COMMA = YES;
				CLANG_WARN_CONSTANT_CONVERSION = YES;
				CLANG_WARN_DEPRECATED_OBJC_IMPLEMENTATIONS = YES;
				CLANG_WARN_DIRECT_OBJC_ISA_USAGE = YES_ERROR;
				CLANG_WARN_DOCUMENTATION_COMMENTS = YES;
				CLANG_WARN_EMPTY_BODY = YES;
				CLANG_WARN_ENUM_CONVERSION = YES;
				CLANG_WARN_INFINITE_RECURSION = YES;
				CLANG_WARN_INT_CONVERSION = YES;
				CLANG_WARN_NON_LITERAL_NULL_CONVERSION = YES;
				CLANG_WARN_OBJC_IMPLICIT_RETAIN_SELF = YES;
				CLANG_WARN_OBJC_LITERAL_CONVERSION = YES;
				CLANG_WARN_OBJC_ROOT_CLASS = YES_ERROR;
				CLANG_WARN_QUOTED_INCLUDE_IN_FRAMEWORK_HEADER = YES;
				CLANG_WARN_RANGE_LOOP_ANALYSIS = YES;
				CLANG_WARN_STRICT_PROTOTYPES = YES;
				CLANG_WARN_SUSPICIOUS_MOVE = YES;
				CLANG_WARN_UNGUARDED_AVAILABILITY = YES_AGGRESSIVE;
				CLANG_WARN_UNREACHABLE_CODE = YES;
				CLANG_WARN__DUPLICATE_METHOD_MATCH = YES;
				COPY_PHASE_STRIP = NO;
				DEBUG_INFORMATION_FORMAT = "dwarf-with-dsym";
				ENABLE_NS_ASSERTIONS = NO;
				ENABLE_STRICT_OBJC_MSGSEND = YES;
				GCC_C_LANGUAGE_STANDARD = gnu11;
				GCC_NO_COMMON_BLOCKS = YES;
				GCC_WARN_64_TO_32_BIT_CONVERSION = YES;
				GCC_WARN_ABOUT_RETURN_TYPE = YES_ERROR;
				GCC_WARN_UNDECLARED_SELECTOR = YES;
				GCC_WARN_UNINITIALIZED_AUTOS = YES_AGGRESSIVE;
				GCC_WARN_UNUSED_FUNCTION = YES;
				GCC_WARN_UNUSED_VARIABLE = YES;
				IPHONEOS_DEPLOYMENT_TARGET = 16.1;
				MTL_ENABLE_DEBUG_INFO = NO;
				MTL_FAST_MATH = YES;
				SDKROOT = iphoneos;
				SWIFT_COMPILATION_MODE = wholemodule;
				SWIFT_OPTIMIZATION_LEVEL = "-O";
				VALIDATE_PRODUCT = YES;
			};
			name = Release;
		};
		65BDF230291A5C2700232892 /* Debug */ = {
			isa = XCBuildConfiguration;
			buildSettings = {
				ASSETCATALOG_COMPILER_APPICON_NAME = AppIcon;
				ASSETCATALOG_COMPILER_GLOBAL_ACCENT_COLOR_NAME = AccentColor;
				CODE_SIGN_STYLE = Automatic;
				CURRENT_PROJECT_VERSION = 1;
				DEVELOPMENT_ASSET_PATHS = "\"harcker New/Preview Content\"";
				DEVELOPMENT_TEAM = ZG488AACV6;
				ENABLE_PREVIEWS = YES;
				GENERATE_INFOPLIST_FILE = YES;
				INFOPLIST_FILE = "harcker-New-Info.plist";
				INFOPLIST_KEY_UIApplicationSceneManifest_Generation = YES;
				INFOPLIST_KEY_UIApplicationSupportsIndirectInputEvents = YES;
				INFOPLIST_KEY_UILaunchScreen_Generation = YES;
				INFOPLIST_KEY_UISupportedInterfaceOrientations_iPad = "UIInterfaceOrientationPortrait UIInterfaceOrientationPortraitUpsideDown UIInterfaceOrientationLandscapeLeft UIInterfaceOrientationLandscapeRight";
				INFOPLIST_KEY_UISupportedInterfaceOrientations_iPhone = "UIInterfaceOrientationPortrait UIInterfaceOrientationLandscapeLeft UIInterfaceOrientationLandscapeRight";
				LD_RUNPATH_SEARCH_PATHS = (
					"$(inherited)",
					"@executable_path/Frameworks",
				);
				MARKETING_VERSION = 1.0;
				PRODUCT_BUNDLE_IDENTIFIER = "io.lucidwild.github.harcker-New";
				PRODUCT_NAME = "$(TARGET_NAME)";
				SWIFT_EMIT_LOC_STRINGS = YES;
				SWIFT_VERSION = 5.0;
				TARGETED_DEVICE_FAMILY = "1,2";
			};
			name = Debug;
		};
		65BDF231291A5C2700232892 /* Release */ = {
			isa = XCBuildConfiguration;
			buildSettings = {
				ASSETCATALOG_COMPILER_APPICON_NAME = AppIcon;
				ASSETCATALOG_COMPILER_GLOBAL_ACCENT_COLOR_NAME = AccentColor;
				CODE_SIGN_STYLE = Automatic;
				CURRENT_PROJECT_VERSION = 1;
				DEVELOPMENT_ASSET_PATHS = "\"harcker New/Preview Content\"";
				DEVELOPMENT_TEAM = ZG488AACV6;
				ENABLE_PREVIEWS = YES;
				GENERATE_INFOPLIST_FILE = YES;
				INFOPLIST_FILE = "harcker-New-Info.plist";
				INFOPLIST_KEY_UIApplicationSceneManifest_Generation = YES;
				INFOPLIST_KEY_UIApplicationSupportsIndirectInputEvents = YES;
				INFOPLIST_KEY_UILaunchScreen_Generation = YES;
				INFOPLIST_KEY_UISupportedInterfaceOrientations_iPad = "UIInterfaceOrientationPortrait UIInterfaceOrientationPortraitUpsideDown UIInterfaceOrientationLandscapeLeft UIInterfaceOrientationLandscapeRight";
				INFOPLIST_KEY_UISupportedInterfaceOrientations_iPhone = "UIInterfaceOrientationPortrait UIInterfaceOrientationLandscapeLeft UIInterfaceOrientationLandscapeRight";
				LD_RUNPATH_SEARCH_PATHS = (
					"$(inherited)",
					"@executable_path/Frameworks",
				);
				MARKETING_VERSION = 1.0;
				PRODUCT_BUNDLE_IDENTIFIER = "io.lucidwild.github.harcker-New";
				PRODUCT_NAME = "$(TARGET_NAME)";
				SWIFT_EMIT_LOC_STRINGS = YES;
				SWIFT_VERSION = 5.0;
				TARGETED_DEVICE_FAMILY = "1,2";
			};
			name = Release;
		};
/* End XCBuildConfiguration section */

/* Begin XCConfigurationList section */
		65BDF21C291A5C2500232892 /* Build configuration list for PBXProject "harcker New" */ = {
			isa = XCConfigurationList;
			buildConfigurations = (
				65BDF22D291A5C2700232892 /* Debug */,
				65BDF22E291A5C2700232892 /* Release */,
			);
			defaultConfigurationIsVisible = 0;
			defaultConfigurationName = Release;
		};
		65BDF22F291A5C2700232892 /* Build configuration list for PBXNativeTarget "harcker New" */ = {
			isa = XCConfigurationList;
			buildConfigurations = (
				65BDF230291A5C2700232892 /* Debug */,
				65BDF231291A5C2700232892 /* Release */,
			);
			defaultConfigurationIsVisible = 0;
			defaultConfigurationName = Release;
		};
/* End XCConfigurationList section */
	};
	rootObject = 65BDF219291A5C2500232892 /* Project object */;
}
